
Microsoft Visual Studio Solution File, Format Version 12.00
# Visual Studio 2013
VisualStudioVersion = 12.0.31101.0
MinimumVisualStudioVersion = 10.0.40219.1
Project("{FAE04EC0-301F-11D3-BF4B-00C04F79EFBC}") = "MyInstaPrepWebApp", "MyInstaPrepWebApp\MyInstaPrepWebApp.csproj", "{7FE883B8-8B84-4C46-BAC8-ADFECFC84B1F}"
EndProject
Project("{2150E333-8FDC-42A3-9474-1A3956D46DE8}") = ".nuget", ".nuget", "{E3941BF2-FAF7-4539-A0C2-F6B3B09D0DF1}"
	ProjectSection(SolutionItems) = preProject
		.nuget\packages.config = .nuget\packages.config
	EndProjectSection
EndProject
Project("{FAE04EC0-301F-11D3-BF4B-00C04F79EFBC}") = "MyInstaPrepAPI", "MyInstaPrepAPI\MyInstaPrepAPI.csproj", "{8A29D1E5-BDB3-417A-902D-E1E96BE68ACF}"
EndProject
Global
	GlobalSection(SolutionConfigurationPlatforms) = preSolution
		Debug|Any CPU = Debug|Any CPU
		Release|Any CPU = Release|Any CPU
	EndGlobalSection
	GlobalSection(ProjectConfigurationPlatforms) = postSolution
		{7FE883B8-8B84-4C46-BAC8-ADFECFC84B1F}.Debug|Any CPU.ActiveCfg = Debug|Any CPU
		{7FE883B8-8B84-4C46-BAC8-ADFECFC84B1F}.Debug|Any CPU.Build.0 = Debug|Any CPU
		{7FE883B8-8B84-4C46-BAC8-ADFECFC84B1F}.Release|Any CPU.ActiveCfg = Release|Any CPU
		{7FE883B8-8B84-4C46-BAC8-ADFECFC84B1F}.Release|Any CPU.Build.0 = Release|Any CPU
		{8A29D1E5-BDB3-417A-902D-E1E96BE68ACF}.Debug|Any CPU.ActiveCfg = Debug|Any CPU
		{8A29D1E5-BDB3-417A-902D-E1E96BE68ACF}.Debug|Any CPU.Build.0 = Debug|Any CPU
		{8A29D1E5-BDB3-417A-902D-E1E96BE68ACF}.Release|Any CPU.ActiveCfg = Release|Any CPU
		{8A29D1E5-BDB3-417A-902D-E1E96BE68ACF}.Release|Any CPU.Build.0 = Release|Any CPU
	EndGlobalSection
	GlobalSection(SolutionProperties) = preSolution
		HideSolutionNode = FALSE
	EndGlobalSection
EndGlobal
